
Microsoft Visual Studio Solution File, Format Version 12.00
# Visual Studio Version 17
VisualStudioVersion = 17.7.34031.279
MinimumVisualStudioVersion = 10.0.40219.1
Project("{FAE04EC0-301F-11D3-BF4B-00C04F79EFBC}") = "Tree Lights GUI", "Tree Lights GUI.csproj", "{C0F670D6-8F62-4516-AC57-6BD7E15B2DD3}"
EndProject
Global
	GlobalSection(SolutionConfigurationPlatforms) = preSolution
		Debug|Any CPU = Debug|Any CPU
		Release|Any CPU = Release|Any CPU
	EndGlobalSection
	GlobalSection(ProjectConfigurationPlatforms) = postSolution
		{C0F670D6-8F62-4516-AC57-6BD7E15B2DD3}.Debug|Any CPU.ActiveCfg = Debug|Any CPU
		{C0F670D6-8F62-4516-AC57-6BD7E15B2DD3}.Debug|Any CPU.Build.0 = Debug|Any CPU
		{C0F670D6-8F62-4516-AC57-6BD7E15B2DD3}.Release|Any CPU.ActiveCfg = Release|Any CPU
		{C0F670D6-8F62-4516-AC57-6BD7E15B2DD3}.Release|Any CPU.Build.0 = Release|Any CPU
	EndGlobalSection
	GlobalSection(SolutionProperties) = preSolution
		HideSolutionNode = FALSE
	EndGlobalSection
	GlobalSection(ExtensibilityGlobals) = postSolution
		SolutionGuid = {EBFFF7C9-72EE-4969-84BB-6E3DDBEC33F4}
	EndGlobalSection
EndGlobal
